
Microsoft Visual Studio Solution File, Format Version 11.00
# Visual Studio 2010
Project("{FAE04EC0-301F-11D3-BF4B-00C04F79EFBC}") = "DvdStore", "DvdStore\DvdStore.csproj", "{5A6C8A8B-87A0-4F44-8062-4C3B2A76603D}"
EndProject
Project("{FAE04EC0-301F-11D3-BF4B-00C04F79EFBC}") = "DvdDLL", "DvdDLL\DvdDLL.csproj", "{4224832D-BB0A-4AF3-9101-9FB109730C99}"
EndProject
Global
	GlobalSection(SolutionConfigurationPlatforms) = preSolution
		Debug|Any CPU = Debug|Any CPU
		Debug|Mixed Platforms = Debug|Mixed Platforms
		Debug|x86 = Debug|x86
		Release|Any CPU = Release|Any CPU
		Release|Mixed Platforms = Release|Mixed Platforms
		Release|x86 = Release|x86
	EndGlobalSection
	GlobalSection(ProjectConfigurationPlatforms) = postSolution
		{5A6C8A8B-87A0-4F44-8062-4C3B2A76603D}.Debug|Any CPU.ActiveCfg = Debug|x86
		{5A6C8A8B-87A0-4F44-8062-4C3B2A76603D}.Debug|Mixed Platforms.ActiveCfg = Debug|x86
		{5A6C8A8B-87A0-4F44-8062-4C3B2A76603D}.Debug|Mixed Platforms.Build.0 = Debug|x86
		{5A6C8A8B-87A0-4F44-8062-4C3B2A76603D}.Debug|x86.ActiveCfg = Debug|x86
		{5A6C8A8B-87A0-4F44-8062-4C3B2A76603D}.Debug|x86.Build.0 = Debug|x86
		{5A6C8A8B-87A0-4F44-8062-4C3B2A76603D}.Release|Any CPU.ActiveCfg = Release|x86
		{5A6C8A8B-87A0-4F44-8062-4C3B2A76603D}.Release|Mixed Platforms.ActiveCfg = Release|x86
		{5A6C8A8B-87A0-4F44-8062-4C3B2A76603D}.Release|Mixed Platforms.Build.0 = Release|x86
		{5A6C8A8B-87A0-4F44-8062-4C3B2A76603D}.Release|x86.ActiveCfg = Release|x86
		{5A6C8A8B-87A0-4F44-8062-4C3B2A76603D}.Release|x86.Build.0 = Release|x86
		{4224832D-BB0A-4AF3-9101-9FB109730C99}.Debug|Any CPU.ActiveCfg = Debug|Any CPU
		{4224832D-BB0A-4AF3-9101-9FB109730C99}.Debug|Any CPU.Build.0 = Debug|Any CPU
		{4224832D-BB0A-4AF3-9101-9FB109730C99}.Debug|Mixed Platforms.ActiveCfg = Debug|Any CPU
		{4224832D-BB0A-4AF3-9101-9FB109730C99}.Debug|Mixed Platforms.Build.0 = Debug|Any CPU
		{4224832D-BB0A-4AF3-9101-9FB109730C99}.Debug|x86.ActiveCfg = Debug|Any CPU
		{4224832D-BB0A-4AF3-9101-9FB109730C99}.Release|Any CPU.ActiveCfg = Release|Any CPU
		{4224832D-BB0A-4AF3-9101-9FB109730C99}.Release|Any CPU.Build.0 = Release|Any CPU
		{4224832D-BB0A-4AF3-9101-9FB109730C99}.Release|Mixed Platforms.ActiveCfg = Release|Any CPU
		{4224832D-BB0A-4AF3-9101-9FB109730C99}.Release|Mixed Platforms.Build.0 = Release|Any CPU
		{4224832D-BB0A-4AF3-9101-9FB109730C99}.Release|x86.ActiveCfg = Release|Any CPU
	EndGlobalSection
	GlobalSection(SolutionProperties) = preSolution
		HideSolutionNode = FALSE
	EndGlobalSection
EndGlobal
